// !$*UTF8*$!
{
	archiveVersion = 1;
	classes = {
	};
	objectVersion = 54;
	objects = {

/* Begin PBXBuildFile section */
		29048AE62A34DA41006877E8 /* AppConstant.swift in Sources */ = {isa = PBXBuildFile; fileRef = 29048AE52A34DA41006877E8 /* AppConstant.swift */; };
		290AF4FF2A9BC14500EF83C6 /* SearchView.swift in Sources */ = {isa = PBXBuildFile; fileRef = 290AF4FD2A9BC14500EF83C6 /* SearchView.swift */; };
		290AF5002A9BC14500EF83C6 /* SearchView.xib in Resources */ = {isa = PBXBuildFile; fileRef = 290AF4FE2A9BC14500EF83C6 /* SearchView.xib */; };
		2913C7712AB84D7E00F1AE89 /* ProgressHUD in Frameworks */ = {isa = PBXBuildFile; productRef = 2913C7702AB84D7E00F1AE89 /* ProgressHUD */; };
		2941CD2D2ABDE9D3004BE1E3 /* Gifu in Frameworks */ = {isa = PBXBuildFile; productRef = 2941CD2C2ABDE9D3004BE1E3 /* Gifu */; };
		2958ACDD2C976E5000BA8E24 /* Emoji+Extension.swift in Sources */ = {isa = PBXBuildFile; fileRef = 2958ACCE2C976E4F00BA8E24 /* Emoji+Extension.swift */; };
		2958ACDE2C976E5000BA8E24 /* UIImage+Extension.swift in Sources */ = {isa = PBXBuildFile; fileRef = 2958ACCF2C976E4F00BA8E24 /* UIImage+Extension.swift */; };
		2958ACDF2C976E5000BA8E24 /* DispatchQueue+Extension.swift in Sources */ = {isa = PBXBuildFile; fileRef = 2958ACD02C976E4F00BA8E24 /* DispatchQueue+Extension.swift */; };
		2958ACE02C976E5000BA8E24 /* UIColor+Extension.swift in Sources */ = {isa = PBXBuildFile; fileRef = 2958ACD12C976E4F00BA8E24 /* UIColor+Extension.swift */; };
		2958ACE12C976E5000BA8E24 /* Date+Extension.swift in Sources */ = {isa = PBXBuildFile; fileRef = 2958ACD22C976E4F00BA8E24 /* Date+Extension.swift */; };
		2958ACE22C976E5000BA8E24 /* UIAlertController+Extension.swift in Sources */ = {isa = PBXBuildFile; fileRef = 2958ACD32C976E4F00BA8E24 /* UIAlertController+Extension.swift */; };
		2958ACE32C976E5000BA8E24 /* Array+Extension.swift in Sources */ = {isa = PBXBuildFile; fileRef = 2958ACD42C976E4F00BA8E24 /* Array+Extension.swift */; };
		2958ACE42C976E5000BA8E24 /* String+Extension.swift in Sources */ = {isa = PBXBuildFile; fileRef = 2958ACD52C976E4F00BA8E24 /* String+Extension.swift */; };
		2958ACE52C976E5000BA8E24 /* NotificationCenter+Extension.swift in Sources */ = {isa = PBXBuildFile; fileRef = 2958ACD62C976E4F00BA8E24 /* NotificationCenter+Extension.swift */; };
		2958ACE62C976E5000BA8E24 /* Data+Extension.swift in Sources */ = {isa = PBXBuildFile; fileRef = 2958ACD72C976E4F00BA8E24 /* Data+Extension.swift */; };
		2958ACE72C976E5000BA8E24 /* Error+Extension.swift in Sources */ = {isa = PBXBuildFile; fileRef = 2958ACD82C976E4F00BA8E24 /* Error+Extension.swift */; };
		2958ACE82C976E5000BA8E24 /* UserDefaults+Extension.swift in Sources */ = {isa = PBXBuildFile; fileRef = 2958ACD92C976E5000BA8E24 /* UserDefaults+Extension.swift */; };
		2958ACE92C976E5000BA8E24 /* UIView+Extension.swift in Sources */ = {isa = PBXBuildFile; fileRef = 2958ACDA2C976E5000BA8E24 /* UIView+Extension.swift */; };
		2958ACEA2C976E5000BA8E24 /* NSDictionary+Extension.swift in Sources */ = {isa = PBXBuildFile; fileRef = 2958ACDB2C976E5000BA8E24 /* NSDictionary+Extension.swift */; };
		2958ACEB2C976E5000BA8E24 /* NSError+Extension.swift in Sources */ = {isa = PBXBuildFile; fileRef = 2958ACDC2C976E5000BA8E24 /* NSError+Extension.swift */; };
		2958ACEE2C976FC700BA8E24 /* DeviceKit in Frameworks */ = {isa = PBXBuildFile; productRef = 2958ACED2C976FC700BA8E24 /* DeviceKit */; };
		295BECE6292B89F000FD4CC2 /* Image.swift in Sources */ = {isa = PBXBuildFile; fileRef = 295BECE5292B89F000FD4CC2 /* Image.swift */; };
		298738642CB78D2D0060E5EF /* SelectView.swift in Sources */ = {isa = PBXBuildFile; fileRef = 298738622CB78D2D0060E5EF /* SelectView.swift */; };
		298738652CB78D2D0060E5EF /* SelectView.xib in Resources */ = {isa = PBXBuildFile; fileRef = 298738632CB78D2D0060E5EF /* SelectView.xib */; };
		29966D5D278A2B7C006F1B74 /* File.swift in Sources */ = {isa = PBXBuildFile; fileRef = 29966D57278A2B7C006F1B74 /* File.swift */; };
		29966D5E278A2B7C006F1B74 /* Dir.swift in Sources */ = {isa = PBXBuildFile; fileRef = 29966D58278A2B7C006F1B74 /* Dir.swift */; };
		29966D5F278A2B7C006F1B74 /* Item.swift in Sources */ = {isa = PBXBuildFile; fileRef = 29966D5A278A2B7C006F1B74 /* Item.swift */; };
		299C28E32A9B9A09008468C4 /* Protocols.swift in Sources */ = {isa = PBXBuildFile; fileRef = 299C28C42A9B9A09008468C4 /* Protocols.swift */; };
		299C28E42A9B9A09008468C4 /* Transition.swift in Sources */ = {isa = PBXBuildFile; fileRef = 299C28C52A9B9A09008468C4 /* Transition.swift */; };
		299C28E52A9B9A09008468C4 /* GridLayout.swift in Sources */ = {isa = PBXBuildFile; fileRef = 299C28C72A9B9A09008468C4 /* GridLayout.swift */; };
		299C28E62A9B9A09008468C4 /* GridView.xib in Resources */ = {isa = PBXBuildFile; fileRef = 299C28C82A9B9A09008468C4 /* GridView.xib */; };
		299C28E72A9B9A09008468C4 /* GridCell.xib in Resources */ = {isa = PBXBuildFile; fileRef = 299C28C92A9B9A09008468C4 /* GridCell.xib */; };
		299C28E82A9B9A09008468C4 /* GridCell.swift in Sources */ = {isa = PBXBuildFile; fileRef = 299C28CA2A9B9A09008468C4 /* GridCell.swift */; };
		299C28E92A9B9A09008468C4 /* GridView.swift in Sources */ = {isa = PBXBuildFile; fileRef = 299C28CB2A9B9A09008468C4 /* GridView.swift */; };
		299C28EA2A9B9A09008468C4 /* SquaredCell.swift in Sources */ = {isa = PBXBuildFile; fileRef = 299C28CD2A9B9A09008468C4 /* SquaredCell.swift */; };
		299C28EB2A9B9A09008468C4 /* SquaredView.xib in Resources */ = {isa = PBXBuildFile; fileRef = 299C28CE2A9B9A09008468C4 /* SquaredView.xib */; };
		299C28EC2A9B9A09008468C4 /* SquaredCell.xib in Resources */ = {isa = PBXBuildFile; fileRef = 299C28CF2A9B9A09008468C4 /* SquaredCell.xib */; };
		299C28ED2A9B9A09008468C4 /* SquaredView.swift in Sources */ = {isa = PBXBuildFile; fileRef = 299C28D02A9B9A09008468C4 /* SquaredView.swift */; };
		299C28F22A9B9A09008468C4 /* SettingsView.swift in Sources */ = {isa = PBXBuildFile; fileRef = 299C28D72A9B9A09008468C4 /* SettingsView.swift */; };
		299C28F32A9B9A09008468C4 /* SettingsView.xib in Resources */ = {isa = PBXBuildFile; fileRef = 299C28D82A9B9A09008468C4 /* SettingsView.xib */; };
		299C28F42A9B9A09008468C4 /* PageCell2.swift in Sources */ = {isa = PBXBuildFile; fileRef = 299C28DA2A9B9A09008468C4 /* PageCell2.swift */; };
		299C28F52A9B9A09008468C4 /* PageCell1.xib in Resources */ = {isa = PBXBuildFile; fileRef = 299C28DB2A9B9A09008468C4 /* PageCell1.xib */; };
		299C28F62A9B9A09008468C4 /* PageCell2.xib in Resources */ = {isa = PBXBuildFile; fileRef = 299C28DC2A9B9A09008468C4 /* PageCell2.xib */; };
		299C28F72A9B9A09008468C4 /* PageCell1.swift in Sources */ = {isa = PBXBuildFile; fileRef = 299C28DD2A9B9A09008468C4 /* PageCell1.swift */; };
		299C28F82A9B9A09008468C4 /* PageView.xib in Resources */ = {isa = PBXBuildFile; fileRef = 299C28DE2A9B9A09008468C4 /* PageView.xib */; };
		299C28F92A9B9A09008468C4 /* PageView.swift in Sources */ = {isa = PBXBuildFile; fileRef = 299C28DF2A9B9A09008468C4 /* PageView.swift */; };
		299C28FA2A9B9A09008468C4 /* MainView.xib in Resources */ = {isa = PBXBuildFile; fileRef = 299C28E12A9B9A09008468C4 /* MainView.xib */; };
		299C28FB2A9B9A09008468C4 /* MainView.swift in Sources */ = {isa = PBXBuildFile; fileRef = 299C28E22A9B9A09008468C4 /* MainView.swift */; };
		299C29002A9B9A49008468C4 /* PicturesView.swift in Sources */ = {isa = PBXBuildFile; fileRef = 299C28FC2A9B9A49008468C4 /* PicturesView.swift */; };
		299C29012A9B9A49008468C4 /* PhotoObject.swift in Sources */ = {isa = PBXBuildFile; fileRef = 299C28FD2A9B9A49008468C4 /* PhotoObject.swift */; };
		299C29022A9B9A49008468C4 /* PhotoController.swift in Sources */ = {isa = PBXBuildFile; fileRef = 299C28FE2A9B9A49008468C4 /* PhotoController.swift */; };
		299C29032A9B9A49008468C4 /* PicturesCell.swift in Sources */ = {isa = PBXBuildFile; fileRef = 299C28FF2A9B9A49008468C4 /* PicturesCell.swift */; };
		299CB3C221DA33470075DAC5 /* AppDelegate.swift in Sources */ = {isa = PBXBuildFile; fileRef = 299CB3C121DA33470075DAC5 /* AppDelegate.swift */; };
		299CB3C921DA33480075DAC5 /* Assets.xcassets in Resources */ = {isa = PBXBuildFile; fileRef = 299CB3C821DA33480075DAC5 /* Assets.xcassets */; };
		299CB3CC21DA33480075DAC5 /* LaunchScreen.storyboard in Resources */ = {isa = PBXBuildFile; fileRef = 299CB3CA21DA33480075DAC5 /* LaunchScreen.storyboard */; };
		29D6FD452AB7152E0036F819 /* Backend.swift in Sources */ = {isa = PBXBuildFile; fileRef = 29D6FD442AB7152E0036F819 /* Backend.swift */; };
		29E16A352AA1382A00E63B72 /* Pictures.swift in Sources */ = {isa = PBXBuildFile; fileRef = 29E16A342AA1382A00E63B72 /* Pictures.swift */; };
		29E403F12A7EE1F6000A6027 /* Grid.swift in Sources */ = {isa = PBXBuildFile; fileRef = 29E403F02A7EE1F6000A6027 /* Grid.swift */; };
		29EEF0C822B2CB440092F4D7 /* NavController.swift in Sources */ = {isa = PBXBuildFile; fileRef = 29EEF0C722B2CB440092F4D7 /* NavController.swift */; };
/* End PBXBuildFile section */

/* Begin PBXFileReference section */
		29048AE52A34DA41006877E8 /* AppConstant.swift */ = {isa = PBXFileReference; fileEncoding = 4; lastKnownFileType = sourcecode.swift; path = AppConstant.swift; sourceTree = "<group>"; };
		290AF4FD2A9BC14500EF83C6 /* SearchView.swift */ = {isa = PBXFileReference; fileEncoding = 4; lastKnownFileType = sourcecode.swift; path = SearchView.swift; sourceTree = "<group>"; };
		290AF4FE2A9BC14500EF83C6 /* SearchView.xib */ = {isa = PBXFileReference; fileEncoding = 4; lastKnownFileType = file.xib; path = SearchView.xib; sourceTree = "<group>"; };
		2958ACCE2C976E4F00BA8E24 /* Emoji+Extension.swift */ = {isa = PBXFileReference; fileEncoding = 4; lastKnownFileType = sourcecode.swift; path = "Emoji+Extension.swift"; sourceTree = "<group>"; };
		2958ACCF2C976E4F00BA8E24 /* UIImage+Extension.swift */ = {isa = PBXFileReference; fileEncoding = 4; lastKnownFileType = sourcecode.swift; path = "UIImage+Extension.swift"; sourceTree = "<group>"; };
		2958ACD02C976E4F00BA8E24 /* DispatchQueue+Extension.swift */ = {isa = PBXFileReference; fileEncoding = 4; lastKnownFileType = sourcecode.swift; path = "DispatchQueue+Extension.swift"; sourceTree = "<group>"; };
		2958ACD12C976E4F00BA8E24 /* UIColor+Extension.swift */ = {isa = PBXFileReference; fileEncoding = 4; lastKnownFileType = sourcecode.swift; path = "UIColor+Extension.swift"; sourceTree = "<group>"; };
		2958ACD22C976E4F00BA8E24 /* Date+Extension.swift */ = {isa = PBXFileReference; fileEncoding = 4; lastKnownFileType = sourcecode.swift; path = "Date+Extension.swift"; sourceTree = "<group>"; };
		2958ACD32C976E4F00BA8E24 /* UIAlertController+Extension.swift */ = {isa = PBXFileReference; fileEncoding = 4; lastKnownFileType = sourcecode.swift; path = "UIAlertController+Extension.swift"; sourceTree = "<group>"; };
		2958ACD42C976E4F00BA8E24 /* Array+Extension.swift */ = {isa = PBXFileReference; fileEncoding = 4; lastKnownFileType = sourcecode.swift; path = "Array+Extension.swift"; sourceTree = "<group>"; };
		2958ACD52C976E4F00BA8E24 /* String+Extension.swift */ = {isa = PBXFileReference; fileEncoding = 4; lastKnownFileType = sourcecode.swift; path = "String+Extension.swift"; sourceTree = "<group>"; };
		2958ACD62C976E4F00BA8E24 /* NotificationCenter+Extension.swift */ = {isa = PBXFileReference; fileEncoding = 4; lastKnownFileType = sourcecode.swift; path = "NotificationCenter+Extension.swift"; sourceTree = "<group>"; };
		2958ACD72C976E4F00BA8E24 /* Data+Extension.swift */ = {isa = PBXFileReference; fileEncoding = 4; lastKnownFileType = sourcecode.swift; path = "Data+Extension.swift"; sourceTree = "<group>"; };
		2958ACD82C976E4F00BA8E24 /* Error+Extension.swift */ = {isa = PBXFileReference; fileEncoding = 4; lastKnownFileType = sourcecode.swift; path = "Error+Extension.swift"; sourceTree = "<group>"; };
		2958ACD92C976E5000BA8E24 /* UserDefaults+Extension.swift */ = {isa = PBXFileReference; fileEncoding = 4; lastKnownFileType = sourcecode.swift; path = "UserDefaults+Extension.swift"; sourceTree = "<group>"; };
		2958ACDA2C976E5000BA8E24 /* UIView+Extension.swift */ = {isa = PBXFileReference; fileEncoding = 4; lastKnownFileType = sourcecode.swift; path = "UIView+Extension.swift"; sourceTree = "<group>"; };
		2958ACDB2C976E5000BA8E24 /* NSDictionary+Extension.swift */ = {isa = PBXFileReference; fileEncoding = 4; lastKnownFileType = sourcecode.swift; path = "NSDictionary+Extension.swift"; sourceTree = "<group>"; };
		2958ACDC2C976E5000BA8E24 /* NSError+Extension.swift */ = {isa = PBXFileReference; fileEncoding = 4; lastKnownFileType = sourcecode.swift; path = "NSError+Extension.swift"; sourceTree = "<group>"; };
		295BECE5292B89F000FD4CC2 /* Image.swift */ = {isa = PBXFileReference; fileEncoding = 4; lastKnownFileType = sourcecode.swift; path = Image.swift; sourceTree = "<group>"; };
		298738622CB78D2D0060E5EF /* SelectView.swift */ = {isa = PBXFileReference; fileEncoding = 4; lastKnownFileType = sourcecode.swift; path = SelectView.swift; sourceTree = "<group>"; };
		298738632CB78D2D0060E5EF /* SelectView.xib */ = {isa = PBXFileReference; fileEncoding = 4; lastKnownFileType = file.xib; path = SelectView.xib; sourceTree = "<group>"; };
		29966D57278A2B7C006F1B74 /* File.swift */ = {isa = PBXFileReference; fileEncoding = 4; lastKnownFileType = sourcecode.swift; path = File.swift; sourceTree = "<group>"; };
		29966D58278A2B7C006F1B74 /* Dir.swift */ = {isa = PBXFileReference; fileEncoding = 4; lastKnownFileType = sourcecode.swift; path = Dir.swift; sourceTree = "<group>"; };
		29966D5A278A2B7C006F1B74 /* Item.swift */ = {isa = PBXFileReference; fileEncoding = 4; lastKnownFileType = sourcecode.swift; path = Item.swift; sourceTree = "<group>"; };
		299C28C42A9B9A09008468C4 /* Protocols.swift */ = {isa = PBXFileReference; fileEncoding = 4; lastKnownFileType = sourcecode.swift; path = Protocols.swift; sourceTree = "<group>"; };
		299C28C52A9B9A09008468C4 /* Transition.swift */ = {isa = PBXFileReference; fileEncoding = 4; lastKnownFileType = sourcecode.swift; path = Transition.swift; sourceTree = "<group>"; };
		299C28C72A9B9A09008468C4 /* GridLayout.swift */ = {isa = PBXFileReference; fileEncoding = 4; lastKnownFileType = sourcecode.swift; path = GridLayout.swift; sourceTree = "<group>"; };
		299C28C82A9B9A09008468C4 /* GridView.xib */ = {isa = PBXFileReference; fileEncoding = 4; lastKnownFileType = file.xib; path = GridView.xib; sourceTree = "<group>"; };
		299C28C92A9B9A09008468C4 /* GridCell.xib */ = {isa = PBXFileReference; fileEncoding = 4; lastKnownFileType = file.xib; path = GridCell.xib; sourceTree = "<group>"; };
		299C28CA2A9B9A09008468C4 /* GridCell.swift */ = {isa = PBXFileReference; fileEncoding = 4; lastKnownFileType = sourcecode.swift; path = GridCell.swift; sourceTree = "<group>"; };
		299C28CB2A9B9A09008468C4 /* GridView.swift */ = {isa = PBXFileReference; fileEncoding = 4; lastKnownFileType = sourcecode.swift; path = GridView.swift; sourceTree = "<group>"; };
		299C28CD2A9B9A09008468C4 /* SquaredCell.swift */ = {isa = PBXFileReference; fileEncoding = 4; lastKnownFileType = sourcecode.swift; path = SquaredCell.swift; sourceTree = "<group>"; };
		299C28CE2A9B9A09008468C4 /* SquaredView.xib */ = {isa = PBXFileReference; fileEncoding = 4; lastKnownFileType = file.xib; path = SquaredView.xib; sourceTree = "<group>"; };
		299C28CF2A9B9A09008468C4 /* SquaredCell.xib */ = {isa = PBXFileReference; fileEncoding = 4; lastKnownFileType = file.xib; path = SquaredCell.xib; sourceTree = "<group>"; };
		299C28D02A9B9A09008468C4 /* SquaredView.swift */ = {isa = PBXFileReference; fileEncoding = 4; lastKnownFileType = sourcecode.swift; path = SquaredView.swift; sourceTree = "<group>"; };
		299C28D72A9B9A09008468C4 /* SettingsView.swift */ = {isa = PBXFileReference; fileEncoding = 4; lastKnownFileType = sourcecode.swift; path = SettingsView.swift; sourceTree = "<group>"; };
		299C28D82A9B9A09008468C4 /* SettingsView.xib */ = {isa = PBXFileReference; fileEncoding = 4; lastKnownFileType = file.xib; path = SettingsView.xib; sourceTree = "<group>"; };
		299C28DA2A9B9A09008468C4 /* PageCell2.swift */ = {isa = PBXFileReference; fileEncoding = 4; lastKnownFileType = sourcecode.swift; path = PageCell2.swift; sourceTree = "<group>"; };
		299C28DB2A9B9A09008468C4 /* PageCell1.xib */ = {isa = PBXFileReference; fileEncoding = 4; lastKnownFileType = file.xib; path = PageCell1.xib; sourceTree = "<group>"; };
		299C28DC2A9B9A09008468C4 /* PageCell2.xib */ = {isa = PBXFileReference; fileEncoding = 4; lastKnownFileType = file.xib; path = PageCell2.xib; sourceTree = "<group>"; };
		299C28DD2A9B9A09008468C4 /* PageCell1.swift */ = {isa = PBXFileReference; fileEncoding = 4; lastKnownFileType = sourcecode.swift; path = PageCell1.swift; sourceTree = "<group>"; };
		299C28DE2A9B9A09008468C4 /* PageView.xib */ = {isa = PBXFileReference; fileEncoding = 4; lastKnownFileType = file.xib; path = PageView.xib; sourceTree = "<group>"; };
		299C28DF2A9B9A09008468C4 /* PageView.swift */ = {isa = PBXFileReference; fileEncoding = 4; lastKnownFileType = sourcecode.swift; path = PageView.swift; sourceTree = "<group>"; };
		299C28E12A9B9A09008468C4 /* MainView.xib */ = {isa = PBXFileReference; fileEncoding = 4; lastKnownFileType = file.xib; path = MainView.xib; sourceTree = "<group>"; };
		299C28E22A9B9A09008468C4 /* MainView.swift */ = {isa = PBXFileReference; fileEncoding = 4; lastKnownFileType = sourcecode.swift; path = MainView.swift; sourceTree = "<group>"; };
		299C28FC2A9B9A49008468C4 /* PicturesView.swift */ = {isa = PBXFileReference; fileEncoding = 4; lastKnownFileType = sourcecode.swift; path = PicturesView.swift; sourceTree = "<group>"; };
		299C28FD2A9B9A49008468C4 /* PhotoObject.swift */ = {isa = PBXFileReference; fileEncoding = 4; lastKnownFileType = sourcecode.swift; path = PhotoObject.swift; sourceTree = "<group>"; };
		299C28FE2A9B9A49008468C4 /* PhotoController.swift */ = {isa = PBXFileReference; fileEncoding = 4; lastKnownFileType = sourcecode.swift; path = PhotoController.swift; sourceTree = "<group>"; };
		299C28FF2A9B9A49008468C4 /* PicturesCell.swift */ = {isa = PBXFileReference; fileEncoding = 4; lastKnownFileType = sourcecode.swift; path = PicturesCell.swift; sourceTree = "<group>"; };
		299CB3BE21DA33470075DAC5 /* app.app */ = {isa = PBXFileReference; explicitFileType = wrapper.application; includeInIndex = 0; path = app.app; sourceTree = BUILT_PRODUCTS_DIR; };
		299CB3C121DA33470075DAC5 /* AppDelegate.swift */ = {isa = PBXFileReference; lastKnownFileType = sourcecode.swift; path = AppDelegate.swift; sourceTree = "<group>"; };
		299CB3C821DA33480075DAC5 /* Assets.xcassets */ = {isa = PBXFileReference; lastKnownFileType = folder.assetcatalog; path = Assets.xcassets; sourceTree = "<group>"; };
		299CB3CB21DA33480075DAC5 /* Base */ = {isa = PBXFileReference; lastKnownFileType = file.storyboard; name = Base; path = Base.lproj/LaunchScreen.storyboard; sourceTree = "<group>"; };
		299CB3CD21DA33480075DAC5 /* Info.plist */ = {isa = PBXFileReference; lastKnownFileType = text.plist.xml; path = Info.plist; sourceTree = "<group>"; };
		29D6FD442AB7152E0036F819 /* Backend.swift */ = {isa = PBXFileReference; fileEncoding = 4; lastKnownFileType = sourcecode.swift; path = Backend.swift; sourceTree = "<group>"; };
		29E16A342AA1382A00E63B72 /* Pictures.swift */ = {isa = PBXFileReference; fileEncoding = 4; lastKnownFileType = sourcecode.swift; path = Pictures.swift; sourceTree = "<group>"; };
		29E403F02A7EE1F6000A6027 /* Grid.swift */ = {isa = PBXFileReference; fileEncoding = 4; lastKnownFileType = sourcecode.swift; path = Grid.swift; sourceTree = "<group>"; };
		29EEF0C722B2CB440092F4D7 /* NavController.swift */ = {isa = PBXFileReference; fileEncoding = 4; lastKnownFileType = sourcecode.swift; path = NavController.swift; sourceTree = "<group>"; };
/* End PBXFileReference section */

/* Begin PBXFrameworksBuildPhase section */
		299CB3BB21DA33470075DAC5 /* Frameworks */ = {
			isa = PBXFrameworksBuildPhase;
			buildActionMask = 2147483647;
			files = (
				2913C7712AB84D7E00F1AE89 /* ProgressHUD in Frameworks */,
				2941CD2D2ABDE9D3004BE1E3 /* Gifu in Frameworks */,
				2958ACEE2C976FC700BA8E24 /* DeviceKit in Frameworks */,
			);
			runOnlyForDeploymentPostprocessing = 0;
		};
/* End PBXFrameworksBuildPhase section */

/* Begin PBXGroup section */
		290AF4FC2A9BC14500EF83C6 /* 06_Search */ = {
			isa = PBXGroup;
			children = (
				290AF4FD2A9BC14500EF83C6 /* SearchView.swift */,
				290AF4FE2A9BC14500EF83C6 /* SearchView.xib */,
			);
			path = 06_Search;
			sourceTree = "<group>";
		};
		293ED48027C17E89001234DF /* extensions */ = {
			isa = PBXGroup;
			children = (
				2958ACD42C976E4F00BA8E24 /* Array+Extension.swift */,
				2958ACD72C976E4F00BA8E24 /* Data+Extension.swift */,
				2958ACD22C976E4F00BA8E24 /* Date+Extension.swift */,
				2958ACD02C976E4F00BA8E24 /* DispatchQueue+Extension.swift */,
				2958ACCE2C976E4F00BA8E24 /* Emoji+Extension.swift */,
				2958ACD82C976E4F00BA8E24 /* Error+Extension.swift */,
				2958ACD62C976E4F00BA8E24 /* NotificationCenter+Extension.swift */,
				2958ACDB2C976E5000BA8E24 /* NSDictionary+Extension.swift */,
				2958ACDC2C976E5000BA8E24 /* NSError+Extension.swift */,
				2958ACD52C976E4F00BA8E24 /* String+Extension.swift */,
				2958ACD32C976E4F00BA8E24 /* UIAlertController+Extension.swift */,
				2958ACD12C976E4F00BA8E24 /* UIColor+Extension.swift */,
				2958ACCF2C976E4F00BA8E24 /* UIImage+Extension.swift */,
				2958ACDA2C976E5000BA8E24 /* UIView+Extension.swift */,
				2958ACD92C976E5000BA8E24 /* UserDefaults+Extension.swift */,
			);
			path = extensions;
			sourceTree = "<group>";
		};
		2955D65021F682D70020E152 /* Classes */ = {
			isa = PBXGroup;
			children = (
				297EB56522A26F62001F93C7 /* Other */,
				29966D49278A2753006F1B74 /* Utilities */,
				2994320C2A9B4A680020A659 /* Views */,
			);
			path = Classes;
			sourceTree = "<group>";
		};
		297EB56522A26F62001F93C7 /* Other */ = {
			isa = PBXGroup;
			children = (
				29EEF0C722B2CB440092F4D7 /* NavController.swift */,
			);
			path = Other;
			sourceTree = "<group>";
		};
		298738612CB78D2D0060E5EF /* 07_Select */ = {
			isa = PBXGroup;
			children = (
				298738622CB78D2D0060E5EF /* SelectView.swift */,
				298738632CB78D2D0060E5EF /* SelectView.xib */,
			);
			path = 07_Select;
			sourceTree = "<group>";
		};
		2994320C2A9B4A680020A659 /* Views */ = {
			isa = PBXGroup;
			children = (
				299C28E02A9B9A09008468C4 /* 01_Main */,
				299C28C22A9B9A09008468C4 /* 02_Grid */,
				299C28D92A9B9A09008468C4 /* 03_Page */,
				299C28CC2A9B9A09008468C4 /* 04_Squared */,
				299C28D12A9B9A09008468C4 /* 05_Pictures */,
				290AF4FC2A9BC14500EF83C6 /* 06_Search */,
				298738612CB78D2D0060E5EF /* 07_Select */,
				299C28D62A9B9A09008468C4 /* 08_Settings */,
			);
			path = Views;
			sourceTree = "<group>";
		};
		29966D49278A2753006F1B74 /* Utilities */ = {
			isa = PBXGroup;
			children = (
				29966D5B278A2B7C006F1B74 /* backend */,
				293ED48027C17E89001234DF /* extensions */,
				29966D56278A2B7C006F1B74 /* general */,
				29966D59278A2B7C006F1B74 /* objects */,
			);
			path = Utilities;
			sourceTree = "<group>";
		};
		29966D56278A2B7C006F1B74 /* general */ = {
			isa = PBXGroup;
			children = (
				29966D58278A2B7C006F1B74 /* Dir.swift */,
				29966D57278A2B7C006F1B74 /* File.swift */,
				29E403F02A7EE1F6000A6027 /* Grid.swift */,
				295BECE5292B89F000FD4CC2 /* Image.swift */,
			);
			path = general;
			sourceTree = "<group>";
		};
		29966D59278A2B7C006F1B74 /* objects */ = {
			isa = PBXGroup;
			children = (
				29966D5A278A2B7C006F1B74 /* Item.swift */,
			);
			path = objects;
			sourceTree = "<group>";
		};
		29966D5B278A2B7C006F1B74 /* backend */ = {
			isa = PBXGroup;
			children = (
				29D6FD442AB7152E0036F819 /* Backend.swift */,
				29E16A342AA1382A00E63B72 /* Pictures.swift */,
			);
			path = backend;
			sourceTree = "<group>";
		};
		299C28C22A9B9A09008468C4 /* 02_Grid */ = {
			isa = PBXGroup;
			children = (
				299C28CA2A9B9A09008468C4 /* GridCell.swift */,
				299C28C92A9B9A09008468C4 /* GridCell.xib */,
				299C28CB2A9B9A09008468C4 /* GridView.swift */,
				299C28C82A9B9A09008468C4 /* GridView.xib */,
				299C28C62A9B9A09008468C4 /* Layout */,
				299C28C32A9B9A09008468C4 /* Transition */,
			);
			path = 02_Grid;
			sourceTree = "<group>";
		};
		299C28C32A9B9A09008468C4 /* Transition */ = {
			isa = PBXGroup;
			children = (
				299C28C42A9B9A09008468C4 /* Protocols.swift */,
				299C28C52A9B9A09008468C4 /* Transition.swift */,
			);
			path = Transition;
			sourceTree = "<group>";
		};
		299C28C62A9B9A09008468C4 /* Layout */ = {
			isa = PBXGroup;
			children = (
				299C28C72A9B9A09008468C4 /* GridLayout.swift */,
			);
			path = Layout;
			sourceTree = "<group>";
		};
		299C28CC2A9B9A09008468C4 /* 04_Squared */ = {
			isa = PBXGroup;
			children = (
				299C28CD2A9B9A09008468C4 /* SquaredCell.swift */,
				299C28CF2A9B9A09008468C4 /* SquaredCell.xib */,
				299C28D02A9B9A09008468C4 /* SquaredView.swift */,
				299C28CE2A9B9A09008468C4 /* SquaredView.xib */,
			);
			path = 04_Squared;
			sourceTree = "<group>";
		};
		299C28D12A9B9A09008468C4 /* 05_Pictures */ = {
			isa = PBXGroup;
			children = (
				299C28FE2A9B9A49008468C4 /* PhotoController.swift */,
				299C28FD2A9B9A49008468C4 /* PhotoObject.swift */,
				299C28FF2A9B9A49008468C4 /* PicturesCell.swift */,
				299C28FC2A9B9A49008468C4 /* PicturesView.swift */,
			);
			path = 05_Pictures;
			sourceTree = "<group>";
		};
		299C28D62A9B9A09008468C4 /* 08_Settings */ = {
			isa = PBXGroup;
			children = (
				299C28D72A9B9A09008468C4 /* SettingsView.swift */,
				299C28D82A9B9A09008468C4 /* SettingsView.xib */,
			);
			path = 08_Settings;
			sourceTree = "<group>";
		};
		299C28D92A9B9A09008468C4 /* 03_Page */ = {
			isa = PBXGroup;
			children = (
				299C28DD2A9B9A09008468C4 /* PageCell1.swift */,
				299C28DB2A9B9A09008468C4 /* PageCell1.xib */,
				299C28DA2A9B9A09008468C4 /* PageCell2.swift */,
				299C28DC2A9B9A09008468C4 /* PageCell2.xib */,
				299C28DF2A9B9A09008468C4 /* PageView.swift */,
				299C28DE2A9B9A09008468C4 /* PageView.xib */,
			);
			path = 03_Page;
			sourceTree = "<group>";
		};
		299C28E02A9B9A09008468C4 /* 01_Main */ = {
			isa = PBXGroup;
			children = (
				299C28E22A9B9A09008468C4 /* MainView.swift */,
				299C28E12A9B9A09008468C4 /* MainView.xib */,
			);
			path = 01_Main;
			sourceTree = "<group>";
		};
		299CB3B521DA33470075DAC5 = {
			isa = PBXGroup;
			children = (
				299CB3C021DA33470075DAC5 /* app */,
				2955D65021F682D70020E152 /* Classes */,
				299CB3BF21DA33470075DAC5 /* Products */,
			);
			sourceTree = "<group>";
		};
		299CB3BF21DA33470075DAC5 /* Products */ = {
			isa = PBXGroup;
			children = (
				299CB3BE21DA33470075DAC5 /* app.app */,
			);
			name = Products;
			sourceTree = "<group>";
		};
		299CB3C021DA33470075DAC5 /* app */ = {
			isa = PBXGroup;
			children = (
				29048AE52A34DA41006877E8 /* AppConstant.swift */,
				299CB3C121DA33470075DAC5 /* AppDelegate.swift */,
				299CB3C821DA33480075DAC5 /* Assets.xcassets */,
				299CB3CA21DA33480075DAC5 /* LaunchScreen.storyboard */,
				299CB3CD21DA33480075DAC5 /* Info.plist */,
			);
			path = app;
			sourceTree = "<group>";
		};
/* End PBXGroup section */

/* Begin PBXNativeTarget section */
		299CB3BD21DA33470075DAC5 /* app */ = {
			isa = PBXNativeTarget;
			buildConfigurationList = 299CB3D021DA33480075DAC5 /* Build configuration list for PBXNativeTarget "app" */;
			buildPhases = (
				299CB3BA21DA33470075DAC5 /* Sources */,
				299CB3BB21DA33470075DAC5 /* Frameworks */,
				299CB3BC21DA33470075DAC5 /* Resources */,
			);
			buildRules = (
			);
			dependencies = (
			);
			name = app;
			packageProductDependencies = (
				2913C7702AB84D7E00F1AE89 /* ProgressHUD */,
				2941CD2C2ABDE9D3004BE1E3 /* Gifu */,
				2958ACED2C976FC700BA8E24 /* DeviceKit */,
			);
			productName = app;
			productReference = 299CB3BE21DA33470075DAC5 /* app.app */;
			productType = "com.apple.product-type.application";
		};
/* End PBXNativeTarget section */

/* Begin PBXProject section */
		299CB3B621DA33470075DAC5 /* Project object */ = {
			isa = PBXProject;
			attributes = {
				BuildIndependentTargetsInParallel = YES;
				LastSwiftUpdateCheck = 1010;
				LastUpgradeCheck = 1520;
				ORGANIZATIONNAME = KZ;
				TargetAttributes = {
					299CB3BD21DA33470075DAC5 = {
						CreatedOnToolsVersion = 10.1;
						LastSwiftMigration = 1020;
					};
				};
			};
			buildConfigurationList = 299CB3B921DA33470075DAC5 /* Build configuration list for PBXProject "app" */;
			compatibilityVersion = "Xcode 9.3";
			developmentRegion = en;
			hasScannedForEncodings = 0;
			knownRegions = (
				en,
				Base,
			);
			mainGroup = 299CB3B521DA33470075DAC5;
			packageReferences = (
				2913C76F2AB84D7E00F1AE89 /* XCRemoteSwiftPackageReference "ProgressHUD" */,
				2941CD2B2ABDE9D3004BE1E3 /* XCRemoteSwiftPackageReference "Gifu" */,
				2958ACEC2C976FC700BA8E24 /* XCRemoteSwiftPackageReference "DeviceKit" */,
			);
			productRefGroup = 299CB3BF21DA33470075DAC5 /* Products */;
			projectDirPath = "";
			projectRoot = "";
			targets = (
				299CB3BD21DA33470075DAC5 /* app */,
			);
		};
/* End PBXProject section */

/* Begin PBXResourcesBuildPhase section */
		299CB3BC21DA33470075DAC5 /* Resources */ = {
			isa = PBXResourcesBuildPhase;
			buildActionMask = 2147483647;
			files = (
				299C28EC2A9B9A09008468C4 /* SquaredCell.xib in Resources */,
				299C28F82A9B9A09008468C4 /* PageView.xib in Resources */,
				299C28F32A9B9A09008468C4 /* SettingsView.xib in Resources */,
				299C28E72A9B9A09008468C4 /* GridCell.xib in Resources */,
				299CB3CC21DA33480075DAC5 /* LaunchScreen.storyboard in Resources */,
				299C28F62A9B9A09008468C4 /* PageCell2.xib in Resources */,
				299C28F52A9B9A09008468C4 /* PageCell1.xib in Resources */,
				290AF5002A9BC14500EF83C6 /* SearchView.xib in Resources */,
				299C28EB2A9B9A09008468C4 /* SquaredView.xib in Resources */,
				298738652CB78D2D0060E5EF /* SelectView.xib in Resources */,
				299C28FA2A9B9A09008468C4 /* MainView.xib in Resources */,
				299C28E62A9B9A09008468C4 /* GridView.xib in Resources */,
				299CB3C921DA33480075DAC5 /* Assets.xcassets in Resources */,
			);
			runOnlyForDeploymentPostprocessing = 0;
		};
/* End PBXResourcesBuildPhase section */

/* Begin PBXSourcesBuildPhase section */
		299CB3BA21DA33470075DAC5 /* Sources */ = {
			isa = PBXSourcesBuildPhase;
			buildActionMask = 2147483647;
			files = (
				299CB3C221DA33470075DAC5 /* AppDelegate.swift in Sources */,
				29E403F12A7EE1F6000A6027 /* Grid.swift in Sources */,
				299C28ED2A9B9A09008468C4 /* SquaredView.swift in Sources */,
				2958ACE52C976E5000BA8E24 /* NotificationCenter+Extension.swift in Sources */,
				299C28F92A9B9A09008468C4 /* PageView.swift in Sources */,
				2958ACDD2C976E5000BA8E24 /* Emoji+Extension.swift in Sources */,
				298738642CB78D2D0060E5EF /* SelectView.swift in Sources */,
				2958ACEB2C976E5000BA8E24 /* NSError+Extension.swift in Sources */,
				299C28E82A9B9A09008468C4 /* GridCell.swift in Sources */,
				295BECE6292B89F000FD4CC2 /* Image.swift in Sources */,
				29EEF0C822B2CB440092F4D7 /* NavController.swift in Sources */,
				299C28E32A9B9A09008468C4 /* Protocols.swift in Sources */,
				2958ACEA2C976E5000BA8E24 /* NSDictionary+Extension.swift in Sources */,
				299C28E42A9B9A09008468C4 /* Transition.swift in Sources */,
				2958ACE92C976E5000BA8E24 /* UIView+Extension.swift in Sources */,
				2958ACE32C976E5000BA8E24 /* Array+Extension.swift in Sources */,
				290AF4FF2A9BC14500EF83C6 /* SearchView.swift in Sources */,
				29E16A352AA1382A00E63B72 /* Pictures.swift in Sources */,
				299C28EA2A9B9A09008468C4 /* SquaredCell.swift in Sources */,
				29966D5E278A2B7C006F1B74 /* Dir.swift in Sources */,
				299C28F72A9B9A09008468C4 /* PageCell1.swift in Sources */,
				299C28F42A9B9A09008468C4 /* PageCell2.swift in Sources */,
				2958ACE72C976E5000BA8E24 /* Error+Extension.swift in Sources */,
				299C28E92A9B9A09008468C4 /* GridView.swift in Sources */,
				299C28E52A9B9A09008468C4 /* GridLayout.swift in Sources */,
				299C29022A9B9A49008468C4 /* PhotoController.swift in Sources */,
				29966D5D278A2B7C006F1B74 /* File.swift in Sources */,
				299C29032A9B9A49008468C4 /* PicturesCell.swift in Sources */,
				29D6FD452AB7152E0036F819 /* Backend.swift in Sources */,
				2958ACE12C976E5000BA8E24 /* Date+Extension.swift in Sources */,
				2958ACE02C976E5000BA8E24 /* UIColor+Extension.swift in Sources */,
				299C28F22A9B9A09008468C4 /* SettingsView.swift in Sources */,
				299C28FB2A9B9A09008468C4 /* MainView.swift in Sources */,
				2958ACE42C976E5000BA8E24 /* String+Extension.swift in Sources */,
				299C29012A9B9A49008468C4 /* PhotoObject.swift in Sources */,
				2958ACE62C976E5000BA8E24 /* Data+Extension.swift in Sources */,
				299C29002A9B9A49008468C4 /* PicturesView.swift in Sources */,
				2958ACDE2C976E5000BA8E24 /* UIImage+Extension.swift in Sources */,
				2958ACE22C976E5000BA8E24 /* UIAlertController+Extension.swift in Sources */,
				29966D5F278A2B7C006F1B74 /* Item.swift in Sources */,
				2958ACDF2C976E5000BA8E24 /* DispatchQueue+Extension.swift in Sources */,
				2958ACE82C976E5000BA8E24 /* UserDefaults+Extension.swift in Sources */,
				29048AE62A34DA41006877E8 /* AppConstant.swift in Sources */,
			);
			runOnlyForDeploymentPostprocessing = 0;
		};
/* End PBXSourcesBuildPhase section */

/* Begin PBXVariantGroup section */
		299CB3CA21DA33480075DAC5 /* LaunchScreen.storyboard */ = {
			isa = PBXVariantGroup;
			children = (
				299CB3CB21DA33480075DAC5 /* Base */,
			);
			name = LaunchScreen.storyboard;
			sourceTree = "<group>";
		};
/* End PBXVariantGroup section */

/* Begin XCBuildConfiguration section */
		299CB3CE21DA33480075DAC5 /* Debug */ = {
			isa = XCBuildConfiguration;
			buildSettings = {
				ALWAYS_SEARCH_USER_PATHS = NO;
				ASSETCATALOG_COMPILER_GENERATE_SWIFT_ASSET_SYMBOL_EXTENSIONS = YES;
				CLANG_ANALYZER_NONNULL = YES;
				CLANG_ANALYZER_NUMBER_OBJECT_CONVERSION = YES_AGGRESSIVE;
				CLANG_CXX_LANGUAGE_STANDARD = "gnu++14";
				CLANG_CXX_LIBRARY = "libc++";
				CLANG_ENABLE_MODULES = YES;
				CLANG_ENABLE_OBJC_ARC = YES;
				CLANG_ENABLE_OBJC_WEAK = YES;
				CLANG_WARN_BLOCK_CAPTURE_AUTORELEASING = YES;
				CLANG_WARN_BOOL_CONVERSION = YES;
				CLANG_WARN_COMMA = YES;
				CLANG_WARN_CONSTANT_CONVERSION = YES;
				CLANG_WARN_DEPRECATED_OBJC_IMPLEMENTATIONS = YES;
				CLANG_WARN_DIRECT_OBJC_ISA_USAGE = YES_ERROR;
				CLANG_WARN_DOCUMENTATION_COMMENTS = YES;
				CLANG_WARN_EMPTY_BODY = YES;
				CLANG_WARN_ENUM_CONVERSION = YES;
				CLANG_WARN_INFINITE_RECURSION = YES;
				CLANG_WARN_INT_CONVERSION = YES;
				CLANG_WARN_NON_LITERAL_NULL_CONVERSION = YES;
				CLANG_WARN_OBJC_IMPLICIT_RETAIN_SELF = YES;
				CLANG_WARN_OBJC_LITERAL_CONVERSION = YES;
				CLANG_WARN_OBJC_ROOT_CLASS = YES_ERROR;
				CLANG_WARN_QUOTED_INCLUDE_IN_FRAMEWORK_HEADER = YES;
				CLANG_WARN_RANGE_LOOP_ANALYSIS = YES;
				CLANG_WARN_STRICT_PROTOTYPES = YES;
				CLANG_WARN_SUSPICIOUS_MOVE = YES;
				CLANG_WARN_UNGUARDED_AVAILABILITY = YES_AGGRESSIVE;
				CLANG_WARN_UNREACHABLE_CODE = YES;
				CLANG_WARN__DUPLICATE_METHOD_MATCH = YES;
				CODE_SIGN_IDENTITY = "iPhone Developer";
				COPY_PHASE_STRIP = NO;
				DEBUG_INFORMATION_FORMAT = dwarf;
				ENABLE_STRICT_OBJC_MSGSEND = YES;
				ENABLE_TESTABILITY = YES;
				ENABLE_USER_SCRIPT_SANDBOXING = YES;
				GCC_C_LANGUAGE_STANDARD = gnu11;
				GCC_DYNAMIC_NO_PIC = NO;
				GCC_NO_COMMON_BLOCKS = YES;
				GCC_OPTIMIZATION_LEVEL = 0;
				GCC_PREPROCESSOR_DEFINITIONS = (
					"DEBUG=1",
					"$(inherited)",
				);
				GCC_WARN_64_TO_32_BIT_CONVERSION = YES;
				GCC_WARN_ABOUT_RETURN_TYPE = YES_ERROR;
				GCC_WARN_UNDECLARED_SELECTOR = YES;
				GCC_WARN_UNINITIALIZED_AUTOS = YES_AGGRESSIVE;
				GCC_WARN_UNUSED_FUNCTION = YES;
				GCC_WARN_UNUSED_VARIABLE = YES;
				IPHONEOS_DEPLOYMENT_TARGET = 15.0;
				MTL_ENABLE_DEBUG_INFO = INCLUDE_SOURCE;
				MTL_FAST_MATH = YES;
				ONLY_ACTIVE_ARCH = YES;
				SDKROOT = iphoneos;
				SWIFT_ACTIVE_COMPILATION_CONDITIONS = DEBUG;
				SWIFT_OPTIMIZATION_LEVEL = "-Onone";
			};
			name = Debug;
		};
		299CB3CF21DA33480075DAC5 /* Release */ = {
			isa = XCBuildConfiguration;
			buildSettings = {
				ALWAYS_SEARCH_USER_PATHS = NO;
				ASSETCATALOG_COMPILER_GENERATE_SWIFT_ASSET_SYMBOL_EXTENSIONS = YES;
				CLANG_ANALYZER_NONNULL = YES;
				CLANG_ANALYZER_NUMBER_OBJECT_CONVERSION = YES_AGGRESSIVE;
				CLANG_CXX_LANGUAGE_STANDARD = "gnu++14";
				CLANG_CXX_LIBRARY = "libc++";
				CLANG_ENABLE_MODULES = YES;
				CLANG_ENABLE_OBJC_ARC = YES;
				CLANG_ENABLE_OBJC_WEAK = YES;
				CLANG_WARN_BLOCK_CAPTURE_AUTORELEASING = YES;
				CLANG_WARN_BOOL_CONVERSION = YES;
				CLANG_WARN_COMMA = YES;
				CLANG_WARN_CONSTANT_CONVERSION = YES;
				CLANG_WARN_DEPRECATED_OBJC_IMPLEMENTATIONS = YES;
				CLANG_WARN_DIRECT_OBJC_ISA_USAGE = YES_ERROR;
				CLANG_WARN_DOCUMENTATION_COMMENTS = YES;
				CLANG_WARN_EMPTY_BODY = YES;
				CLANG_WARN_ENUM_CONVERSION = YES;
				CLANG_WARN_INFINITE_RECURSION = YES;
				CLANG_WARN_INT_CONVERSION = YES;
				CLANG_WARN_NON_LITERAL_NULL_CONVERSION = YES;
				CLANG_WARN_OBJC_IMPLICIT_RETAIN_SELF = YES;
				CLANG_WARN_OBJC_LITERAL_CONVERSION = YES;
				CLANG_WARN_OBJC_ROOT_CLASS = YES_ERROR;
				CLANG_WARN_QUOTED_INCLUDE_IN_FRAMEWORK_HEADER = YES;
				CLANG_WARN_RANGE_LOOP_ANALYSIS = YES;
				CLANG_WARN_STRICT_PROTOTYPES = YES;
				CLANG_WARN_SUSPICIOUS_MOVE = YES;
				CLANG_WARN_UNGUARDED_AVAILABILITY = YES_AGGRESSIVE;
				CLANG_WARN_UNREACHABLE_CODE = YES;
				CLANG_WARN__DUPLICATE_METHOD_MATCH = YES;
				CODE_SIGN_IDENTITY = "iPhone Developer";
				COPY_PHASE_STRIP = NO;
				DEBUG_INFORMATION_FORMAT = "dwarf-with-dsym";
				ENABLE_NS_ASSERTIONS = NO;
				ENABLE_STRICT_OBJC_MSGSEND = YES;
				ENABLE_USER_SCRIPT_SANDBOXING = YES;
				GCC_C_LANGUAGE_STANDARD = gnu11;
				GCC_NO_COMMON_BLOCKS = YES;
				GCC_WARN_64_TO_32_BIT_CONVERSION = YES;
				GCC_WARN_ABOUT_RETURN_TYPE = YES_ERROR;
				GCC_WARN_UNDECLARED_SELECTOR = YES;
				GCC_WARN_UNINITIALIZED_AUTOS = YES_AGGRESSIVE;
				GCC_WARN_UNUSED_FUNCTION = YES;
				GCC_WARN_UNUSED_VARIABLE = YES;
				IPHONEOS_DEPLOYMENT_TARGET = 15.0;
				MTL_ENABLE_DEBUG_INFO = NO;
				MTL_FAST_MATH = YES;
				SDKROOT = iphoneos;
				SWIFT_COMPILATION_MODE = wholemodule;
				SWIFT_OPTIMIZATION_LEVEL = "-O";
				VALIDATE_PRODUCT = YES;
			};
			name = Release;
		};
		299CB3D121DA33480075DAC5 /* Debug */ = {
			isa = XCBuildConfiguration;
			buildSettings = {
				ASSETCATALOG_COMPILER_APPICON_NAME = AppIcon;
				CODE_SIGN_STYLE = Automatic;
				CURRENT_PROJECT_VERSION = 12;
				DEVELOPMENT_TEAM = UUF85U8HLF;
				INFOPLIST_FILE = app/Info.plist;
				IPHONEOS_DEPLOYMENT_TARGET = 15.0;
				LD_RUNPATH_SEARCH_PATHS = (
					"$(inherited)",
					"@executable_path/Frameworks",
				);
				MARKETING_VERSION = 1.0.3;
				PRODUCT_BUNDLE_IDENTIFIER = com.relatedcode.midjourney;
				PRODUCT_NAME = "$(TARGET_NAME)";
				SUPPORTED_PLATFORMS = "iphoneos iphonesimulator";
				SUPPORTS_MACCATALYST = NO;
				SUPPORTS_MAC_DESIGNED_FOR_IPHONE_IPAD = NO;
				SUPPORTS_XR_DESIGNED_FOR_IPHONE_IPAD = NO;
				SWIFT_VERSION = 5.0;
				TARGETED_DEVICE_FAMILY = 1;
			};
			name = Debug;
		};
		299CB3D221DA33480075DAC5 /* Release */ = {
			isa = XCBuildConfiguration;
			buildSettings = {
				ASSETCATALOG_COMPILER_APPICON_NAME = AppIcon;
				CODE_SIGN_STYLE = Automatic;
				CURRENT_PROJECT_VERSION = 12;
				DEVELOPMENT_TEAM = UUF85U8HLF;
				INFOPLIST_FILE = app/Info.plist;
				IPHONEOS_DEPLOYMENT_TARGET = 15.0;
				LD_RUNPATH_SEARCH_PATHS = (
					"$(inherited)",
					"@executable_path/Frameworks",
				);
				MARKETING_VERSION = 1.0.3;
				PRODUCT_BUNDLE_IDENTIFIER = com.relatedcode.midjourney;
				PRODUCT_NAME = "$(TARGET_NAME)";
				SUPPORTED_PLATFORMS = "iphoneos iphonesimulator";
				SUPPORTS_MACCATALYST = NO;
				SUPPORTS_MAC_DESIGNED_FOR_IPHONE_IPAD = NO;
				SUPPORTS_XR_DESIGNED_FOR_IPHONE_IPAD = NO;
				SWIFT_VERSION = 5.0;
				TARGETED_DEVICE_FAMILY = 1;
			};
			name = Release;
		};
/* End XCBuildConfiguration section */

/* Begin XCConfigurationList section */
		299CB3B921DA33470075DAC5 /* Build configuration list for PBXProject "app" */ = {
			isa = XCConfigurationList;
			buildConfigurations = (
				299CB3CE21DA33480075DAC5 /* Debug */,
				299CB3CF21DA33480075DAC5 /* Release */,
			);
			defaultConfigurationIsVisible = 0;
			defaultConfigurationName = Release;
		};
		299CB3D021DA33480075DAC5 /* Build configuration list for PBXNativeTarget "app" */ = {
			isa = XCConfigurationList;
			buildConfigurations = (
				299CB3D121DA33480075DAC5 /* Debug */,
				299CB3D221DA33480075DAC5 /* Release */,
			);
			defaultConfigurationIsVisible = 0;
			defaultConfigurationName = Release;
		};
/* End XCConfigurationList section */

/* Begin XCRemoteSwiftPackageReference section */
		2913C76F2AB84D7E00F1AE89 /* XCRemoteSwiftPackageReference "ProgressHUD" */ = {
			isa = XCRemoteSwiftPackageReference;
			repositoryURL = "https://github.com/relatedcode/ProgressHUD";
			requirement = {
				kind = upToNextMajorVersion;
				minimumVersion = 14.0.0;
			};
		};
		2941CD2B2ABDE9D3004BE1E3 /* XCRemoteSwiftPackageReference "Gifu" */ = {
			isa = XCRemoteSwiftPackageReference;
			repositoryURL = "https://github.com/kaishin/Gifu.git";
			requirement = {
				kind = upToNextMajorVersion;
				minimumVersion = 3.2.2;
			};
		};
		2958ACEC2C976FC700BA8E24 /* XCRemoteSwiftPackageReference "DeviceKit" */ = {
			isa = XCRemoteSwiftPackageReference;
			repositoryURL = "https://github.com/devicekit/DeviceKit";
			requirement = {
				kind = upToNextMajorVersion;
				minimumVersion = 5.4.0;
			};
		};
/* End XCRemoteSwiftPackageReference section */

/* Begin XCSwiftPackageProductDependency section */
		2913C7702AB84D7E00F1AE89 /* ProgressHUD */ = {
			isa = XCSwiftPackageProductDependency;
			package = 2913C76F2AB84D7E00F1AE89 /* XCRemoteSwiftPackageReference "ProgressHUD" */;
			productName = ProgressHUD;
		};
		2941CD2C2ABDE9D3004BE1E3 /* Gifu */ = {
			isa = XCSwiftPackageProductDependency;
			package = 2941CD2B2ABDE9D3004BE1E3 /* XCRemoteSwiftPackageReference "Gifu" */;
			productName = Gifu;
		};
		2958ACED2C976FC700BA8E24 /* DeviceKit */ = {
			isa = XCSwiftPackageProductDependency;
			package = 2958ACEC2C976FC700BA8E24 /* XCRemoteSwiftPackageReference "DeviceKit" */;
			productName = DeviceKit;
		};
/* End XCSwiftPackageProductDependency section */
	};
	rootObject = 299CB3B621DA33470075DAC5 /* Project object */;
}
