{
  "originHash" : "5c7e99cdd8375f4d0c1f0590a8c010253a7b913443ffe2e5d5de70842b0827b7",
  "pins" : [
    {
      "identity" : "devicekit",
      "kind" : "remoteSourceControl",
      "location" : "https://github.com/devicekit/DeviceKit",
      "state" : {
        "revision" : "5757447e9f92c476ee2ca41ead7eb6db07936430",
        "version" : "5.4.0"
      }
    },
    {
      "identity" : "gifu",
      "kind" : "remoteSourceControl",
      "location" : "https://github.com/kaishin/Gifu.git",
      "state" : {
        "revision" : "46434cd816f035271beb16d80f7bc91381cbd8e4",
        "version" : "3.5.1"
      }
    },
    {
      "identity" : "progresshud",
      "kind" : "remoteSourceControl",
      "location" : "https://github.com/relatedcode/ProgressHUD",
      "state" : {
        "revision" : "5a7e1ba99652f429eb3bf60de0558cacc5c384be",
        "version" : "14.1.0"
      }
    }
  ],
  "version" : 3
}
